// !$*UTF8*$!
{
	archiveVersion = 1;
	classes = {
	};
	objectVersion = 56;
	objects = {

/* Begin PBXBuildFile section */
		5D3B8289A9ABD0B9F656B122 /* Pods_view_code.framework in Frameworks */ = {isa = PBXBuildFile; fileRef = E680A9B9A7F2462788063459 /* Pods_view_code.framework */; };
		D74EC1042A25393C001F3E57 /* Extension+UIView.swift in Sources */ = {isa = PBXBuildFile; fileRef = D74EC1032A25393C001F3E57 /* Extension+UIView.swift */; };
		D74EC1072A253FEB001F3E57 /* send.wav in Resources */ = {isa = PBXBuildFile; fileRef = D74EC1062A253FEB001F3E57 /* send.wav */; };
		D74EC10A2A257EA3001F3E57 /* HomeContactViewController.swift in Sources */ = {isa = PBXBuildFile; fileRef = D74EC1092A257EA3001F3E57 /* HomeContactViewController.swift */; };
		D74EC10C2A258139001F3E57 /* HomeContactView.swift in Sources */ = {isa = PBXBuildFile; fileRef = D74EC10B2A258139001F3E57 /* HomeContactView.swift */; };
		D74EC10F2A25825D001F3E57 /* NavView.swift in Sources */ = {isa = PBXBuildFile; fileRef = D74EC10E2A25825D001F3E57 /* NavView.swift */; };
		D74EC1122A2599C9001F3E57 /* MessageAllModel.swift in Sources */ = {isa = PBXBuildFile; fileRef = D74EC1112A2599C9001F3E57 /* MessageAllModel.swift */; };
		D74EC1152A264186001F3E57 /* MessageLastCollectionViewCell.swift in Sources */ = {isa = PBXBuildFile; fileRef = D74EC1142A264186001F3E57 /* MessageLastCollectionViewCell.swift */; };
		D74EC1172A264460001F3E57 /* MessageDetailCollectionViewCell.swift in Sources */ = {isa = PBXBuildFile; fileRef = D74EC1162A264460001F3E57 /* MessageDetailCollectionViewCell.swift */; };
		D74EC11A2A2648E1001F3E57 /* ContactController.swift in Sources */ = {isa = PBXBuildFile; fileRef = D74EC1192A2648E1001F3E57 /* ContactController.swift */; };
		D7C03BC22A1AB97F00C61E29 /* AppDelegate.swift in Sources */ = {isa = PBXBuildFile; fileRef = D7C03BC12A1AB97F00C61E29 /* AppDelegate.swift */; };
		D7C03BC42A1AB97F00C61E29 /* SceneDelegate.swift in Sources */ = {isa = PBXBuildFile; fileRef = D7C03BC32A1AB97F00C61E29 /* SceneDelegate.swift */; };
		D7C03BC62A1AB97F00C61E29 /* LoginViewController.swift in Sources */ = {isa = PBXBuildFile; fileRef = D7C03BC52A1AB97F00C61E29 /* LoginViewController.swift */; };
		D7C03BCB2A1AB98000C61E29 /* Assets.xcassets in Resources */ = {isa = PBXBuildFile; fileRef = D7C03BCA2A1AB98000C61E29 /* Assets.xcassets */; };
		D7C03BCE2A1AB98000C61E29 /* LaunchScreen.storyboard in Resources */ = {isa = PBXBuildFile; fileRef = D7C03BCC2A1AB98000C61E29 /* LaunchScreen.storyboard */; };
		D7C03BD72A1AC0AF00C61E29 /* LoginView.swift in Sources */ = {isa = PBXBuildFile; fileRef = D7C03BD62A1AC0AF00C61E29 /* LoginView.swift */; };
		D7C03BDA2A1C227100C61E29 /* RegisterView.swift in Sources */ = {isa = PBXBuildFile; fileRef = D7C03BD92A1C227100C61E29 /* RegisterView.swift */; };
		D7C03BDC2A1C227D00C61E29 /* RegisterViewController.swift in Sources */ = {isa = PBXBuildFile; fileRef = D7C03BDB2A1C227D00C61E29 /* RegisterViewController.swift */; };
		D7C03BE12A1EBAF300C61E29 /* HomeViewController.swift in Sources */ = {isa = PBXBuildFile; fileRef = D7C03BE02A1EBAF300C61E29 /* HomeViewController.swift */; };
		D7C03BE32A1EBAFA00C61E29 /* HomeView.swift in Sources */ = {isa = PBXBuildFile; fileRef = D7C03BE22A1EBAFA00C61E29 /* HomeView.swift */; };
		D7C03BE62A1EBFA400C61E29 /* UserDetailTableViewCell.swift in Sources */ = {isa = PBXBuildFile; fileRef = D7C03BE52A1EBFA400C61E29 /* UserDetailTableViewCell.swift */; };
		D7C03BE92A1ECD3800C61E29 /* UserData.swift in Sources */ = {isa = PBXBuildFile; fileRef = D7C03BE82A1ECD3800C61E29 /* UserData.swift */; };
		D7C03BEB2A22212000C61E29 /* UserDetailView.swift in Sources */ = {isa = PBXBuildFile; fileRef = D7C03BEA2A22212000C61E29 /* UserDetailView.swift */; };
		D7C03BEF2A2226EE00C61E29 /* SportTableViewCell.swift in Sources */ = {isa = PBXBuildFile; fileRef = D7C03BEE2A2226EE00C61E29 /* SportTableViewCell.swift */; };
		D7C03BF12A22273B00C61E29 /* SportTableViewCellView.swift in Sources */ = {isa = PBXBuildFile; fileRef = D7C03BF02A22273B00C61E29 /* SportTableViewCellView.swift */; };
		D7C03BF32A22339300C61E29 /* SportCollectionViewCell.swift in Sources */ = {isa = PBXBuildFile; fileRef = D7C03BF22A22339300C61E29 /* SportCollectionViewCell.swift */; };
		D7C03BF52A2233F300C61E29 /* SportCollectionCellView.swift in Sources */ = {isa = PBXBuildFile; fileRef = D7C03BF42A2233F300C61E29 /* SportCollectionCellView.swift */; };
		D7C03BF92A223CE600C61E29 /* Sport.swift in Sources */ = {isa = PBXBuildFile; fileRef = D7C03BF82A223CE600C61E29 /* Sport.swift */; };
		D7C03C072A25352900C61E29 /* Alert.swift in Sources */ = {isa = PBXBuildFile; fileRef = D7C03C062A25352900C61E29 /* Alert.swift */; };
		D7C03C092A25360C00C61E29 /* GoogleService-Info.plist in Resources */ = {isa = PBXBuildFile; fileRef = D7C03C082A25360C00C61E29 /* GoogleService-Info.plist */; };
/* End PBXBuildFile section */

/* Begin PBXFileReference section */
		1A7F2E0A80F87ACD7B3284F9 /* Pods-view-code.debug.xcconfig */ = {isa = PBXFileReference; includeInIndex = 1; lastKnownFileType = text.xcconfig; name = "Pods-view-code.debug.xcconfig"; path = "Target Support Files/Pods-view-code/Pods-view-code.debug.xcconfig"; sourceTree = "<group>"; };
		46EEA6A6BBB77DBB600DCD77 /* Pods-view-code.release.xcconfig */ = {isa = PBXFileReference; includeInIndex = 1; lastKnownFileType = text.xcconfig; name = "Pods-view-code.release.xcconfig"; path = "Target Support Files/Pods-view-code/Pods-view-code.release.xcconfig"; sourceTree = "<group>"; };
		D74EC1032A25393C001F3E57 /* Extension+UIView.swift */ = {isa = PBXFileReference; lastKnownFileType = sourcecode.swift; path = "Extension+UIView.swift"; sourceTree = "<group>"; };
		D74EC1062A253FEB001F3E57 /* send.wav */ = {isa = PBXFileReference; lastKnownFileType = audio.wav; name = send.wav; path = ../../../../../../../Downloads/send.wav; sourceTree = "<group>"; };
		D74EC1092A257EA3001F3E57 /* HomeContactViewController.swift */ = {isa = PBXFileReference; lastKnownFileType = sourcecode.swift; path = HomeContactViewController.swift; sourceTree = "<group>"; };
		D74EC10B2A258139001F3E57 /* HomeContactView.swift */ = {isa = PBXFileReference; lastKnownFileType = sourcecode.swift; path = HomeContactView.swift; sourceTree = "<group>"; };
		D74EC10E2A25825D001F3E57 /* NavView.swift */ = {isa = PBXFileReference; lastKnownFileType = sourcecode.swift; path = NavView.swift; sourceTree = "<group>"; };
		D74EC1112A2599C9001F3E57 /* MessageAllModel.swift */ = {isa = PBXFileReference; lastKnownFileType = sourcecode.swift; path = MessageAllModel.swift; sourceTree = "<group>"; };
		D74EC1142A264186001F3E57 /* MessageLastCollectionViewCell.swift */ = {isa = PBXFileReference; lastKnownFileType = sourcecode.swift; path = MessageLastCollectionViewCell.swift; sourceTree = "<group>"; };
		D74EC1162A264460001F3E57 /* MessageDetailCollectionViewCell.swift */ = {isa = PBXFileReference; lastKnownFileType = sourcecode.swift; path = MessageDetailCollectionViewCell.swift; sourceTree = "<group>"; };
		D74EC1192A2648E1001F3E57 /* ContactController.swift */ = {isa = PBXFileReference; lastKnownFileType = sourcecode.swift; path = ContactController.swift; sourceTree = "<group>"; };
		D7C03BBE2A1AB97F00C61E29 /* view-code.app */ = {isa = PBXFileReference; explicitFileType = wrapper.application; includeInIndex = 0; path = "view-code.app"; sourceTree = BUILT_PRODUCTS_DIR; };
		D7C03BC12A1AB97F00C61E29 /* AppDelegate.swift */ = {isa = PBXFileReference; lastKnownFileType = sourcecode.swift; path = AppDelegate.swift; sourceTree = "<group>"; };
		D7C03BC32A1AB97F00C61E29 /* SceneDelegate.swift */ = {isa = PBXFileReference; lastKnownFileType = sourcecode.swift; path = SceneDelegate.swift; sourceTree = "<group>"; };
		D7C03BC52A1AB97F00C61E29 /* LoginViewController.swift */ = {isa = PBXFileReference; lastKnownFileType = sourcecode.swift; path = LoginViewController.swift; sourceTree = "<group>"; };
		D7C03BCA2A1AB98000C61E29 /* Assets.xcassets */ = {isa = PBXFileReference; lastKnownFileType = folder.assetcatalog; path = Assets.xcassets; sourceTree = "<group>"; };
		D7C03BCD2A1AB98000C61E29 /* Base */ = {isa = PBXFileReference; lastKnownFileType = file.storyboard; name = Base; path = Base.lproj/LaunchScreen.storyboard; sourceTree = "<group>"; };
		D7C03BCF2A1AB98000C61E29 /* Info.plist */ = {isa = PBXFileReference; lastKnownFileType = text.plist.xml; path = Info.plist; sourceTree = "<group>"; };
		D7C03BD62A1AC0AF00C61E29 /* LoginView.swift */ = {isa = PBXFileReference; lastKnownFileType = sourcecode.swift; path = LoginView.swift; sourceTree = "<group>"; };
		D7C03BD92A1C227100C61E29 /* RegisterView.swift */ = {isa = PBXFileReference; lastKnownFileType = sourcecode.swift; path = RegisterView.swift; sourceTree = "<group>"; };
		D7C03BDB2A1C227D00C61E29 /* RegisterViewController.swift */ = {isa = PBXFileReference; lastKnownFileType = sourcecode.swift; path = RegisterViewController.swift; sourceTree = "<group>"; };
		D7C03BE02A1EBAF300C61E29 /* HomeViewController.swift */ = {isa = PBXFileReference; lastKnownFileType = sourcecode.swift; path = HomeViewController.swift; sourceTree = "<group>"; };
		D7C03BE22A1EBAFA00C61E29 /* HomeView.swift */ = {isa = PBXFileReference; lastKnownFileType = sourcecode.swift; path = HomeView.swift; sourceTree = "<group>"; };
		D7C03BE52A1EBFA400C61E29 /* UserDetailTableViewCell.swift */ = {isa = PBXFileReference; lastKnownFileType = sourcecode.swift; path = UserDetailTableViewCell.swift; sourceTree = "<group>"; };
		D7C03BE82A1ECD3800C61E29 /* UserData.swift */ = {isa = PBXFileReference; lastKnownFileType = sourcecode.swift; path = UserData.swift; sourceTree = "<group>"; };
		D7C03BEA2A22212000C61E29 /* UserDetailView.swift */ = {isa = PBXFileReference; lastKnownFileType = sourcecode.swift; path = UserDetailView.swift; sourceTree = "<group>"; };
		D7C03BEE2A2226EE00C61E29 /* SportTableViewCell.swift */ = {isa = PBXFileReference; lastKnownFileType = sourcecode.swift; path = SportTableViewCell.swift; sourceTree = "<group>"; };
		D7C03BF02A22273B00C61E29 /* SportTableViewCellView.swift */ = {isa = PBXFileReference; lastKnownFileType = sourcecode.swift; path = SportTableViewCellView.swift; sourceTree = "<group>"; };
		D7C03BF22A22339300C61E29 /* SportCollectionViewCell.swift */ = {isa = PBXFileReference; lastKnownFileType = sourcecode.swift; path = SportCollectionViewCell.swift; sourceTree = "<group>"; };
		D7C03BF42A2233F300C61E29 /* SportCollectionCellView.swift */ = {isa = PBXFileReference; lastKnownFileType = sourcecode.swift; path = SportCollectionCellView.swift; sourceTree = "<group>"; };
		D7C03BF82A223CE600C61E29 /* Sport.swift */ = {isa = PBXFileReference; lastKnownFileType = sourcecode.swift; path = Sport.swift; sourceTree = "<group>"; };
		D7C03C062A25352900C61E29 /* Alert.swift */ = {isa = PBXFileReference; lastKnownFileType = sourcecode.swift; path = Alert.swift; sourceTree = "<group>"; };
		D7C03C082A25360C00C61E29 /* GoogleService-Info.plist */ = {isa = PBXFileReference; fileEncoding = 4; lastKnownFileType = text.plist.xml; name = "GoogleService-Info.plist"; path = "../../../../../Downloads/GoogleService-Info.plist"; sourceTree = "<group>"; };
		E680A9B9A7F2462788063459 /* Pods_view_code.framework */ = {isa = PBXFileReference; explicitFileType = wrapper.framework; includeInIndex = 0; path = Pods_view_code.framework; sourceTree = BUILT_PRODUCTS_DIR; };
/* End PBXFileReference section */

/* Begin PBXFrameworksBuildPhase section */
		D7C03BBB2A1AB97F00C61E29 /* Frameworks */ = {
			isa = PBXFrameworksBuildPhase;
			buildActionMask = 2147483647;
			files = (
				5D3B8289A9ABD0B9F656B122 /* Pods_view_code.framework in Frameworks */,
			);
			runOnlyForDeploymentPostprocessing = 0;
		};
/* End PBXFrameworksBuildPhase section */

/* Begin PBXGroup section */
		090A4F4F03CA7A2432F41480 /* Pods */ = {
			isa = PBXGroup;
			children = (
				1A7F2E0A80F87ACD7B3284F9 /* Pods-view-code.debug.xcconfig */,
				46EEA6A6BBB77DBB600DCD77 /* Pods-view-code.release.xcconfig */,
			);
			path = Pods;
			sourceTree = "<group>";
		};
		81A88BBBD6E3F8CADBA493A8 /* Frameworks */ = {
			isa = PBXGroup;
			children = (
				E680A9B9A7F2462788063459 /* Pods_view_code.framework */,
			);
			name = Frameworks;
			sourceTree = "<group>";
		};
		D74EC1022A253925001F3E57 /* Utils */ = {
			isa = PBXGroup;
			children = (
				D74EC1052A253FDF001F3E57 /* Sounds */,
				D74EC1032A25393C001F3E57 /* Extension+UIView.swift */,
			);
			path = Utils;
			sourceTree = "<group>";
		};
		D74EC1052A253FDF001F3E57 /* Sounds */ = {
			isa = PBXGroup;
			children = (
				D74EC1062A253FEB001F3E57 /* send.wav */,
			);
			path = Sounds;
			sourceTree = "<group>";
		};
		D74EC1082A257DFA001F3E57 /* HomeContact */ = {
			isa = PBXGroup;
			children = (
				D74EC1182A2648D5001F3E57 /* Controller */,
				D74EC1132A264167001F3E57 /* Cell */,
				D74EC10D2A258239001F3E57 /* NavView */,
				D74EC1092A257EA3001F3E57 /* HomeContactViewController.swift */,
				D74EC10B2A258139001F3E57 /* HomeContactView.swift */,
			);
			path = HomeContact;
			sourceTree = "<group>";
		};
		D74EC10D2A258239001F3E57 /* NavView */ = {
			isa = PBXGroup;
			children = (
				D74EC10E2A25825D001F3E57 /* NavView.swift */,
			);
			path = NavView;
			sourceTree = "<group>";
		};
		D74EC1102A2599B6001F3E57 /* Model */ = {
			isa = PBXGroup;
			children = (
				D74EC1112A2599C9001F3E57 /* MessageAllModel.swift */,
			);
			path = Model;
			sourceTree = "<group>";
		};
		D74EC1132A264167001F3E57 /* Cell */ = {
			isa = PBXGroup;
			children = (
				D74EC1142A264186001F3E57 /* MessageLastCollectionViewCell.swift */,
				D74EC1162A264460001F3E57 /* MessageDetailCollectionViewCell.swift */,
			);
			path = Cell;
			sourceTree = "<group>";
		};
		D74EC1182A2648D5001F3E57 /* Controller */ = {
			isa = PBXGroup;
			children = (
				D74EC1192A2648E1001F3E57 /* ContactController.swift */,
			);
			path = Controller;
			sourceTree = "<group>";
		};
		D7C03BB52A1AB97F00C61E29 = {
			isa = PBXGroup;
			children = (
				D7C03BC02A1AB97F00C61E29 /* view-code */,
				D7C03BBF2A1AB97F00C61E29 /* Products */,
				090A4F4F03CA7A2432F41480 /* Pods */,
				81A88BBBD6E3F8CADBA493A8 /* Frameworks */,
			);
			sourceTree = "<group>";
		};
		D7C03BBF2A1AB97F00C61E29 /* Products */ = {
			isa = PBXGroup;
			children = (
				D7C03BBE2A1AB97F00C61E29 /* view-code.app */,
			);
			name = Products;
			sourceTree = "<group>";
		};
		D7C03BC02A1AB97F00C61E29 /* view-code */ = {
			isa = PBXGroup;
			children = (
				D74EC1102A2599B6001F3E57 /* Model */,
				D7C03BCF2A1AB98000C61E29 /* Info.plist */,
				D7C03C082A25360C00C61E29 /* GoogleService-Info.plist */,
				D7C03C052A25350F00C61E29 /* Alert */,
				D74EC1022A253925001F3E57 /* Utils */,
				D7C03BDE2A1C22A300C61E29 /* SupportingFiles */,
				D7C03BDD2A1C228600C61E29 /* AppDelegate */,
				D74EC1082A257DFA001F3E57 /* HomeContact */,
				D7C03BD82A1C226200C61E29 /* Register */,
				D7C03BDF2A1EBAE200C61E29 /* Home */,
				D7C03BD52A1AC09B00C61E29 /* Login */,
			);
			path = "view-code";
			sourceTree = "<group>";
		};
		D7C03BD52A1AC09B00C61E29 /* Login */ = {
			isa = PBXGroup;
			children = (
				D7C03BD62A1AC0AF00C61E29 /* LoginView.swift */,
				D7C03BC52A1AB97F00C61E29 /* LoginViewController.swift */,
			);
			path = Login;
			sourceTree = "<group>";
		};
		D7C03BD82A1C226200C61E29 /* Register */ = {
			isa = PBXGroup;
			children = (
				D7C03BD92A1C227100C61E29 /* RegisterView.swift */,
				D7C03BDB2A1C227D00C61E29 /* RegisterViewController.swift */,
			);
			path = Register;
			sourceTree = "<group>";
		};
		D7C03BDD2A1C228600C61E29 /* AppDelegate */ = {
			isa = PBXGroup;
			children = (
				D7C03BC12A1AB97F00C61E29 /* AppDelegate.swift */,
				D7C03BC32A1AB97F00C61E29 /* SceneDelegate.swift */,
			);
			path = AppDelegate;
			sourceTree = "<group>";
		};
		D7C03BDE2A1C22A300C61E29 /* SupportingFiles */ = {
			isa = PBXGroup;
			children = (
				D7C03BCA2A1AB98000C61E29 /* Assets.xcassets */,
				D7C03BCC2A1AB98000C61E29 /* LaunchScreen.storyboard */,
			);
			path = SupportingFiles;
			sourceTree = "<group>";
		};
		D7C03BDF2A1EBAE200C61E29 /* Home */ = {
			isa = PBXGroup;
			children = (
				D7C03BE72A1ECD2800C61E29 /* Model */,
				D7C03BE42A1EBF6200C61E29 /* Cell */,
				D7C03BE02A1EBAF300C61E29 /* HomeViewController.swift */,
				D7C03BE22A1EBAFA00C61E29 /* HomeView.swift */,
			);
			path = Home;
			sourceTree = "<group>";
		};
		D7C03BE42A1EBF6200C61E29 /* Cell */ = {
			isa = PBXGroup;
			children = (
				D7C03BED2A2226CD00C61E29 /* SportTableViewCell */,
				D7C03BEC2A2226BB00C61E29 /* UserDetailViewCell */,
			);
			path = Cell;
			sourceTree = "<group>";
		};
		D7C03BE72A1ECD2800C61E29 /* Model */ = {
			isa = PBXGroup;
			children = (
				D7C03BE82A1ECD3800C61E29 /* UserData.swift */,
				D7C03BF82A223CE600C61E29 /* Sport.swift */,
			);
			path = Model;
			sourceTree = "<group>";
		};
		D7C03BEC2A2226BB00C61E29 /* UserDetailViewCell */ = {
			isa = PBXGroup;
			children = (
				D7C03BEA2A22212000C61E29 /* UserDetailView.swift */,
				D7C03BE52A1EBFA400C61E29 /* UserDetailTableViewCell.swift */,
			);
			path = UserDetailViewCell;
			sourceTree = "<group>";
		};
		D7C03BED2A2226CD00C61E29 /* SportTableViewCell */ = {
			isa = PBXGroup;
			children = (
				D7C03BF72A2234E700C61E29 /* CollectionCell */,
				D7C03BF62A2234DB00C61E29 /* Cell */,
			);
			path = SportTableViewCell;
			sourceTree = "<group>";
		};
		D7C03BF62A2234DB00C61E29 /* Cell */ = {
			isa = PBXGroup;
			children = (
				D7C03BF02A22273B00C61E29 /* SportTableViewCellView.swift */,
				D7C03BEE2A2226EE00C61E29 /* SportTableViewCell.swift */,
			);
			path = Cell;
			sourceTree = "<group>";
		};
		D7C03BF72A2234E700C61E29 /* CollectionCell */ = {
			isa = PBXGroup;
			children = (
				D7C03BF42A2233F300C61E29 /* SportCollectionCellView.swift */,
				D7C03BF22A22339300C61E29 /* SportCollectionViewCell.swift */,
			);
			path = CollectionCell;
			sourceTree = "<group>";
		};
		D7C03C052A25350F00C61E29 /* Alert */ = {
			isa = PBXGroup;
			children = (
				D7C03C062A25352900C61E29 /* Alert.swift */,
			);
			path = Alert;
			sourceTree = "<group>";
		};
/* End PBXGroup section */

/* Begin PBXNativeTarget section */
		D7C03BBD2A1AB97F00C61E29 /* view-code */ = {
			isa = PBXNativeTarget;
			buildConfigurationList = D7C03BD22A1AB98000C61E29 /* Build configuration list for PBXNativeTarget "view-code" */;
			buildPhases = (
				E792B34966D1C95DF07054D9 /* [CP] Check Pods Manifest.lock */,
				D7C03BBA2A1AB97F00C61E29 /* Sources */,
				D7C03BBB2A1AB97F00C61E29 /* Frameworks */,
				D7C03BBC2A1AB97F00C61E29 /* Resources */,
				7D7E7DA6785F1A646F9239A9 /* [CP] Embed Pods Frameworks */,
			);
			buildRules = (
			);
			dependencies = (
			);
			name = "view-code";
			productName = "view-code";
			productReference = D7C03BBE2A1AB97F00C61E29 /* view-code.app */;
			productType = "com.apple.product-type.application";
		};
/* End PBXNativeTarget section */

/* Begin PBXProject section */
		D7C03BB62A1AB97F00C61E29 /* Project object */ = {
			isa = PBXProject;
			attributes = {
				BuildIndependentTargetsInParallel = 1;
				LastSwiftUpdateCheck = 1430;
				LastUpgradeCheck = 1430;
				TargetAttributes = {
					D7C03BBD2A1AB97F00C61E29 = {
						CreatedOnToolsVersion = 14.3;
					};
				};
			};
			buildConfigurationList = D7C03BB92A1AB97F00C61E29 /* Build configuration list for PBXProject "view-code" */;
			compatibilityVersion = "Xcode 14.0";
			developmentRegion = en;
			hasScannedForEncodings = 0;
			knownRegions = (
				en,
				Base,
			);
			mainGroup = D7C03BB52A1AB97F00C61E29;
			productRefGroup = D7C03BBF2A1AB97F00C61E29 /* Products */;
			projectDirPath = "";
			projectRoot = "";
			targets = (
				D7C03BBD2A1AB97F00C61E29 /* view-code */,
			);
		};
/* End PBXProject section */

/* Begin PBXResourcesBuildPhase section */
		D7C03BBC2A1AB97F00C61E29 /* Resources */ = {
			isa = PBXResourcesBuildPhase;
			buildActionMask = 2147483647;
			files = (
				D7C03BCE2A1AB98000C61E29 /* LaunchScreen.storyboard in Resources */,
				D7C03BCB2A1AB98000C61E29 /* Assets.xcassets in Resources */,
				D74EC1072A253FEB001F3E57 /* send.wav in Resources */,
				D7C03C092A25360C00C61E29 /* GoogleService-Info.plist in Resources */,
			);
			runOnlyForDeploymentPostprocessing = 0;
		};
/* End PBXResourcesBuildPhase section */

/* Begin PBXShellScriptBuildPhase section */
		7D7E7DA6785F1A646F9239A9 /* [CP] Embed Pods Frameworks */ = {
			isa = PBXShellScriptBuildPhase;
			buildActionMask = 2147483647;
			files = (
			);
			inputFileListPaths = (
				"${PODS_ROOT}/Target Support Files/Pods-view-code/Pods-view-code-frameworks-${CONFIGURATION}-input-files.xcfilelist",
			);
			name = "[CP] Embed Pods Frameworks";
			outputFileListPaths = (
				"${PODS_ROOT}/Target Support Files/Pods-view-code/Pods-view-code-frameworks-${CONFIGURATION}-output-files.xcfilelist",
			);
			runOnlyForDeploymentPostprocessing = 0;
			shellPath = /bin/sh;
			shellScript = "\"${PODS_ROOT}/Target Support Files/Pods-view-code/Pods-view-code-frameworks.sh\"\n";
			showEnvVarsInLog = 0;
		};
		E792B34966D1C95DF07054D9 /* [CP] Check Pods Manifest.lock */ = {
			isa = PBXShellScriptBuildPhase;
			buildActionMask = 2147483647;
			files = (
			);
			inputFileListPaths = (
			);
			inputPaths = (
				"${PODS_PODFILE_DIR_PATH}/Podfile.lock",
				"${PODS_ROOT}/Manifest.lock",
			);
			name = "[CP] Check Pods Manifest.lock";
			outputFileListPaths = (
			);
			outputPaths = (
				"$(DERIVED_FILE_DIR)/Pods-view-code-checkManifestLockResult.txt",
			);
			runOnlyForDeploymentPostprocessing = 0;
			shellPath = /bin/sh;
			shellScript = "diff \"${PODS_PODFILE_DIR_PATH}/Podfile.lock\" \"${PODS_ROOT}/Manifest.lock\" > /dev/null\nif [ $? != 0 ] ; then\n    # print error to STDERR\n    echo \"error: The sandbox is not in sync with the Podfile.lock. Run 'pod install' or update your CocoaPods installation.\" >&2\n    exit 1\nfi\n# This output is used by Xcode 'outputs' to avoid re-running this script phase.\necho \"SUCCESS\" > \"${SCRIPT_OUTPUT_FILE_0}\"\n";
			showEnvVarsInLog = 0;
		};
/* End PBXShellScriptBuildPhase section */

/* Begin PBXSourcesBuildPhase section */
		D7C03BBA2A1AB97F00C61E29 /* Sources */ = {
			isa = PBXSourcesBuildPhase;
			buildActionMask = 2147483647;
			files = (
				D74EC10C2A258139001F3E57 /* HomeContactView.swift in Sources */,
				D7C03BC62A1AB97F00C61E29 /* LoginViewController.swift in Sources */,
				D7C03BE62A1EBFA400C61E29 /* UserDetailTableViewCell.swift in Sources */,
				D74EC10A2A257EA3001F3E57 /* HomeContactViewController.swift in Sources */,
				D74EC1152A264186001F3E57 /* MessageLastCollectionViewCell.swift in Sources */,
				D7C03BDA2A1C227100C61E29 /* RegisterView.swift in Sources */,
				D7C03C072A25352900C61E29 /* Alert.swift in Sources */,
				D74EC10F2A25825D001F3E57 /* NavView.swift in Sources */,
				D7C03BC22A1AB97F00C61E29 /* AppDelegate.swift in Sources */,
				D7C03BDC2A1C227D00C61E29 /* RegisterViewController.swift in Sources */,
				D7C03BD72A1AC0AF00C61E29 /* LoginView.swift in Sources */,
				D7C03BEF2A2226EE00C61E29 /* SportTableViewCell.swift in Sources */,
				D7C03BE32A1EBAFA00C61E29 /* HomeView.swift in Sources */,
				D7C03BE12A1EBAF300C61E29 /* HomeViewController.swift in Sources */,
				D7C03BF32A22339300C61E29 /* SportCollectionViewCell.swift in Sources */,
				D7C03BF12A22273B00C61E29 /* SportTableViewCellView.swift in Sources */,
				D74EC11A2A2648E1001F3E57 /* ContactController.swift in Sources */,
				D7C03BE92A1ECD3800C61E29 /* UserData.swift in Sources */,
				D7C03BC42A1AB97F00C61E29 /* SceneDelegate.swift in Sources */,
				D7C03BF52A2233F300C61E29 /* SportCollectionCellView.swift in Sources */,
				D7C03BF92A223CE600C61E29 /* Sport.swift in Sources */,
				D74EC1042A25393C001F3E57 /* Extension+UIView.swift in Sources */,
				D7C03BEB2A22212000C61E29 /* UserDetailView.swift in Sources */,
				D74EC1122A2599C9001F3E57 /* MessageAllModel.swift in Sources */,
				D74EC1172A264460001F3E57 /* MessageDetailCollectionViewCell.swift in Sources */,
			);
			runOnlyForDeploymentPostprocessing = 0;
		};
/* End PBXSourcesBuildPhase section */

/* Begin PBXVariantGroup section */
		D7C03BCC2A1AB98000C61E29 /* LaunchScreen.storyboard */ = {
			isa = PBXVariantGroup;
			children = (
				D7C03BCD2A1AB98000C61E29 /* Base */,
			);
			name = LaunchScreen.storyboard;
			sourceTree = "<group>";
		};
/* End PBXVariantGroup section */

/* Begin XCBuildConfiguration section */
		D7C03BD02A1AB98000C61E29 /* Debug */ = {
			isa = XCBuildConfiguration;
			buildSettings = {
				ALWAYS_SEARCH_USER_PATHS = NO;
				CLANG_ANALYZER_NONNULL = YES;
				CLANG_ANALYZER_NUMBER_OBJECT_CONVERSION = YES_AGGRESSIVE;
				CLANG_CXX_LANGUAGE_STANDARD = "gnu++20";
				CLANG_ENABLE_MODULES = YES;
				CLANG_ENABLE_OBJC_ARC = YES;
				CLANG_ENABLE_OBJC_WEAK = YES;
				CLANG_WARN_BLOCK_CAPTURE_AUTORELEASING = YES;
				CLANG_WARN_BOOL_CONVERSION = YES;
				CLANG_WARN_COMMA = YES;
				CLANG_WARN_CONSTANT_CONVERSION = YES;
				CLANG_WARN_DEPRECATED_OBJC_IMPLEMENTATIONS = YES;
				CLANG_WARN_DIRECT_OBJC_ISA_USAGE = YES_ERROR;
				CLANG_WARN_DOCUMENTATION_COMMENTS = YES;
				CLANG_WARN_EMPTY_BODY = YES;
				CLANG_WARN_ENUM_CONVERSION = YES;
				CLANG_WARN_INFINITE_RECURSION = YES;
				CLANG_WARN_INT_CONVERSION = YES;
				CLANG_WARN_NON_LITERAL_NULL_CONVERSION = YES;
				CLANG_WARN_OBJC_IMPLICIT_RETAIN_SELF = YES;
				CLANG_WARN_OBJC_LITERAL_CONVERSION = YES;
				CLANG_WARN_OBJC_ROOT_CLASS = YES_ERROR;
				CLANG_WARN_QUOTED_INCLUDE_IN_FRAMEWORK_HEADER = YES;
				CLANG_WARN_RANGE_LOOP_ANALYSIS = YES;
				CLANG_WARN_STRICT_PROTOTYPES = YES;
				CLANG_WARN_SUSPICIOUS_MOVE = YES;
				CLANG_WARN_UNGUARDED_AVAILABILITY = YES_AGGRESSIVE;
				CLANG_WARN_UNREACHABLE_CODE = YES;
				CLANG_WARN__DUPLICATE_METHOD_MATCH = YES;
				COPY_PHASE_STRIP = NO;
				DEBUG_INFORMATION_FORMAT = dwarf;
				ENABLE_STRICT_OBJC_MSGSEND = YES;
				ENABLE_TESTABILITY = YES;
				GCC_C_LANGUAGE_STANDARD = gnu11;
				GCC_DYNAMIC_NO_PIC = NO;
				GCC_NO_COMMON_BLOCKS = YES;
				GCC_OPTIMIZATION_LEVEL = 0;
				GCC_PREPROCESSOR_DEFINITIONS = (
					"DEBUG=1",
					"$(inherited)",
				);
				GCC_WARN_64_TO_32_BIT_CONVERSION = YES;
				GCC_WARN_ABOUT_RETURN_TYPE = YES_ERROR;
				GCC_WARN_UNDECLARED_SELECTOR = YES;
				GCC_WARN_UNINITIALIZED_AUTOS = YES_AGGRESSIVE;
				GCC_WARN_UNUSED_FUNCTION = YES;
				GCC_WARN_UNUSED_VARIABLE = YES;
				IPHONEOS_DEPLOYMENT_TARGET = 16.4;
				MTL_ENABLE_DEBUG_INFO = INCLUDE_SOURCE;
				MTL_FAST_MATH = YES;
				ONLY_ACTIVE_ARCH = YES;
				SDKROOT = iphoneos;
				SWIFT_ACTIVE_COMPILATION_CONDITIONS = DEBUG;
				SWIFT_OPTIMIZATION_LEVEL = "-Onone";
			};
			name = Debug;
		};
		D7C03BD12A1AB98000C61E29 /* Release */ = {
			isa = XCBuildConfiguration;
			buildSettings = {
				ALWAYS_SEARCH_USER_PATHS = NO;
				CLANG_ANALYZER_NONNULL = YES;
				CLANG_ANALYZER_NUMBER_OBJECT_CONVERSION = YES_AGGRESSIVE;
				CLANG_CXX_LANGUAGE_STANDARD = "gnu++20";
				CLANG_ENABLE_MODULES = YES;
				CLANG_ENABLE_OBJC_ARC = YES;
				CLANG_ENABLE_OBJC_WEAK = YES;
				CLANG_WARN_BLOCK_CAPTURE_AUTORELEASING = YES;
				CLANG_WARN_BOOL_CONVERSION = YES;
				CLANG_WARN_COMMA = YES;
				CLANG_WARN_CONSTANT_CONVERSION = YES;
				CLANG_WARN_DEPRECATED_OBJC_IMPLEMENTATIONS = YES;
				CLANG_WARN_DIRECT_OBJC_ISA_USAGE = YES_ERROR;
				CLANG_WARN_DOCUMENTATION_COMMENTS = YES;
				CLANG_WARN_EMPTY_BODY = YES;
				CLANG_WARN_ENUM_CONVERSION = YES;
				CLANG_WARN_INFINITE_RECURSION = YES;
				CLANG_WARN_INT_CONVERSION = YES;
				CLANG_WARN_NON_LITERAL_NULL_CONVERSION = YES;
				CLANG_WARN_OBJC_IMPLICIT_RETAIN_SELF = YES;
				CLANG_WARN_OBJC_LITERAL_CONVERSION = YES;
				CLANG_WARN_OBJC_ROOT_CLASS = YES_ERROR;
				CLANG_WARN_QUOTED_INCLUDE_IN_FRAMEWORK_HEADER = YES;
				CLANG_WARN_RANGE_LOOP_ANALYSIS = YES;
				CLANG_WARN_STRICT_PROTOTYPES = YES;
				CLANG_WARN_SUSPICIOUS_MOVE = YES;
				CLANG_WARN_UNGUARDED_AVAILABILITY = YES_AGGRESSIVE;
				CLANG_WARN_UNREACHABLE_CODE = YES;
				CLANG_WARN__DUPLICATE_METHOD_MATCH = YES;
				COPY_PHASE_STRIP = NO;
				DEBUG_INFORMATION_FORMAT = "dwarf-with-dsym";
				ENABLE_NS_ASSERTIONS = NO;
				ENABLE_STRICT_OBJC_MSGSEND = YES;
				GCC_C_LANGUAGE_STANDARD = gnu11;
				GCC_NO_COMMON_BLOCKS = YES;
				GCC_WARN_64_TO_32_BIT_CONVERSION = YES;
				GCC_WARN_ABOUT_RETURN_TYPE = YES_ERROR;
				GCC_WARN_UNDECLARED_SELECTOR = YES;
				GCC_WARN_UNINITIALIZED_AUTOS = YES_AGGRESSIVE;
				GCC_WARN_UNUSED_FUNCTION = YES;
				GCC_WARN_UNUSED_VARIABLE = YES;
				IPHONEOS_DEPLOYMENT_TARGET = 16.4;
				MTL_ENABLE_DEBUG_INFO = NO;
				MTL_FAST_MATH = YES;
				SDKROOT = iphoneos;
				SWIFT_COMPILATION_MODE = wholemodule;
				SWIFT_OPTIMIZATION_LEVEL = "-O";
				VALIDATE_PRODUCT = YES;
			};
			name = Release;
		};
		D7C03BD32A1AB98000C61E29 /* Debug */ = {
			isa = XCBuildConfiguration;
			baseConfigurationReference = 1A7F2E0A80F87ACD7B3284F9 /* Pods-view-code.debug.xcconfig */;
			buildSettings = {
				ASSETCATALOG_COMPILER_APPICON_NAME = AppIcon;
				ASSETCATALOG_COMPILER_GLOBAL_ACCENT_COLOR_NAME = AccentColor;
				CODE_SIGN_STYLE = Automatic;
				CURRENT_PROJECT_VERSION = 1;
				GENERATE_INFOPLIST_FILE = YES;
				INFOPLIST_FILE = "view-code/Info.plist";
				INFOPLIST_KEY_UIApplicationSupportsIndirectInputEvents = YES;
				INFOPLIST_KEY_UILaunchStoryboardName = LaunchScreen;
				INFOPLIST_KEY_UIMainStoryboardFile = "";
				INFOPLIST_KEY_UISupportedInterfaceOrientations_iPad = "UIInterfaceOrientationPortrait UIInterfaceOrientationPortraitUpsideDown UIInterfaceOrientationLandscapeLeft UIInterfaceOrientationLandscapeRight";
				INFOPLIST_KEY_UISupportedInterfaceOrientations_iPhone = "UIInterfaceOrientationPortrait UIInterfaceOrientationLandscapeLeft UIInterfaceOrientationLandscapeRight";
				LD_RUNPATH_SEARCH_PATHS = (
					"$(inherited)",
					"@executable_path/Frameworks",
				);
				MARKETING_VERSION = 1.0;
				PRODUCT_BUNDLE_IDENTIFIER = "com.kellerlivia.view-code";
				PRODUCT_NAME = "$(TARGET_NAME)";
				SWIFT_EMIT_LOC_STRINGS = YES;
				SWIFT_VERSION = 5.0;
				TARGETED_DEVICE_FAMILY = "1,2";
			};
			name = Debug;
		};
		D7C03BD42A1AB98000C61E29 /* Release */ = {
			isa = XCBuildConfiguration;
			baseConfigurationReference = 46EEA6A6BBB77DBB600DCD77 /* Pods-view-code.release.xcconfig */;
			buildSettings = {
				ASSETCATALOG_COMPILER_APPICON_NAME = AppIcon;
				ASSETCATALOG_COMPILER_GLOBAL_ACCENT_COLOR_NAME = AccentColor;
				CODE_SIGN_STYLE = Automatic;
				CURRENT_PROJECT_VERSION = 1;
				GENERATE_INFOPLIST_FILE = YES;
				INFOPLIST_FILE = "view-code/Info.plist";
				INFOPLIST_KEY_UIApplicationSupportsIndirectInputEvents = YES;
				INFOPLIST_KEY_UILaunchStoryboardName = LaunchScreen;
				INFOPLIST_KEY_UIMainStoryboardFile = "";
				INFOPLIST_KEY_UISupportedInterfaceOrientations_iPad = "UIInterfaceOrientationPortrait UIInterfaceOrientationPortraitUpsideDown UIInterfaceOrientationLandscapeLeft UIInterfaceOrientationLandscapeRight";
				INFOPLIST_KEY_UISupportedInterfaceOrientations_iPhone = "UIInterfaceOrientationPortrait UIInterfaceOrientationLandscapeLeft UIInterfaceOrientationLandscapeRight";
				LD_RUNPATH_SEARCH_PATHS = (
					"$(inherited)",
					"@executable_path/Frameworks",
				);
				MARKETING_VERSION = 1.0;
				PRODUCT_BUNDLE_IDENTIFIER = "com.kellerlivia.view-code";
				PRODUCT_NAME = "$(TARGET_NAME)";
				SWIFT_EMIT_LOC_STRINGS = YES;
				SWIFT_VERSION = 5.0;
				TARGETED_DEVICE_FAMILY = "1,2";
			};
			name = Release;
		};
/* End XCBuildConfiguration section */

/* Begin XCConfigurationList section */
		D7C03BB92A1AB97F00C61E29 /* Build configuration list for PBXProject "view-code" */ = {
			isa = XCConfigurationList;
			buildConfigurations = (
				D7C03BD02A1AB98000C61E29 /* Debug */,
				D7C03BD12A1AB98000C61E29 /* Release */,
			);
			defaultConfigurationIsVisible = 0;
			defaultConfigurationName = Release;
		};
		D7C03BD22A1AB98000C61E29 /* Build configuration list for PBXNativeTarget "view-code" */ = {
			isa = XCConfigurationList;
			buildConfigurations = (
				D7C03BD32A1AB98000C61E29 /* Debug */,
				D7C03BD42A1AB98000C61E29 /* Release */,
			);
			defaultConfigurationIsVisible = 0;
			defaultConfigurationName = Release;
		};
/* End XCConfigurationList section */
	};
	rootObject = D7C03BB62A1AB97F00C61E29 /* Project object */;
}
